
Microsoft Visual Studio Solution File, Format Version 12.00
# Visual Studio Version 17
VisualStudioVersion = 17.10.35122.118
MinimumVisualStudioVersion = 10.0.40219.1
Project("{2150E333-8FDC-42A3-9474-1A3956D46DE8}") = "01-API", "01-API", "{8EB71EAA-9B1B-41A4-93FF-368159B5B973}"
EndProject
Project("{2150E333-8FDC-42A3-9474-1A3956D46DE8}") = "02-Application", "02-Application", "{9618F4A4-F267-4A0C-91DF-A8837B2A4CC2}"
EndProject
Project("{2150E333-8FDC-42A3-9474-1A3956D46DE8}") = "03-Domain", "03-Domain", "{0A47C432-8DDD-41FA-9D82-997185642DD9}"
EndProject
Project("{2150E333-8FDC-42A3-9474-1A3956D46DE8}") = "04-Infrastructure", "04-Infrastructure", "{F3C8DC04-3795-4CEC-8DD8-D1DD28228B4C}"
EndProject
Project("{2150E333-8FDC-42A3-9474-1A3956D46DE8}") = "05-Tests", "05-Tests", "{90FE3EFB-8559-4A3A-BBEF-B21F855AEEC0}"
EndProject
Project("{9A19103F-16F7-4668-BE54-9A1E7A4F7556}") = "PosTech.Hackathon.Pacientes.Application", "02-Application\PosTech.Hackathon.Pacientes.Application.csproj", "{64BA60FD-F636-4CC4-8CB5-0801158EF2CD}"
EndProject
Project("{9A19103F-16F7-4668-BE54-9A1E7A4F7556}") = "PosTech.Hackathon.Pacientes.Domain", "03-Domain\PosTech.Hackathon.Pacientes.Domain.csproj", "{D65C9241-C8C3-4D6E-ADC1-160B9A711762}"
EndProject
Project("{9A19103F-16F7-4668-BE54-9A1E7A4F7556}") = "PosTech.Hackathon.Pacientes.Infrastructure", "04-Infrastructure\PosTech.Hackathon.Pacientes.Infrastructure.csproj", "{58B9DEBF-ED74-446E-AB03-86ED6A6F460F}"
EndProject
Project("{9A19103F-16F7-4668-BE54-9A1E7A4F7556}") = "PosTech.Hackathon.Pacientes.UnitTests", "05-Tests\UnitTests\PosTech.Hackathon.Pacientes.UnitTests.csproj", "{705EFE37-DD56-4F85-ADC9-202A6E9D9868}"
EndProject
Project("{FAE04EC0-301F-11D3-BF4B-00C04F79EFBC}") = "PosTech.Hackathon.Pacientes.API", "01-API\PosTech.Hackathon.Pacientes.API.csproj", "{80092968-055A-4181-82DF-645A5C26E648}"
EndProject
Global
	GlobalSection(SolutionConfigurationPlatforms) = preSolution
		Debug|Any CPU = Debug|Any CPU
		Release|Any CPU = Release|Any CPU
	EndGlobalSection
	GlobalSection(ProjectConfigurationPlatforms) = postSolution
		{64BA60FD-F636-4CC4-8CB5-0801158EF2CD}.Debug|Any CPU.ActiveCfg = Debug|Any CPU
		{64BA60FD-F636-4CC4-8CB5-0801158EF2CD}.Debug|Any CPU.Build.0 = Debug|Any CPU
		{64BA60FD-F636-4CC4-8CB5-0801158EF2CD}.Release|Any CPU.ActiveCfg = Release|Any CPU
		{64BA60FD-F636-4CC4-8CB5-0801158EF2CD}.Release|Any CPU.Build.0 = Release|Any CPU
		{D65C9241-C8C3-4D6E-ADC1-160B9A711762}.Debug|Any CPU.ActiveCfg = Debug|Any CPU
		{D65C9241-C8C3-4D6E-ADC1-160B9A711762}.Debug|Any CPU.Build.0 = Debug|Any CPU
		{D65C9241-C8C3-4D6E-ADC1-160B9A711762}.Release|Any CPU.ActiveCfg = Release|Any CPU
		{D65C9241-C8C3-4D6E-ADC1-160B9A711762}.Release|Any CPU.Build.0 = Release|Any CPU
		{58B9DEBF-ED74-446E-AB03-86ED6A6F460F}.Debug|Any CPU.ActiveCfg = Debug|Any CPU
		{58B9DEBF-ED74-446E-AB03-86ED6A6F460F}.Debug|Any CPU.Build.0 = Debug|Any CPU
		{58B9DEBF-ED74-446E-AB03-86ED6A6F460F}.Release|Any CPU.ActiveCfg = Release|Any CPU
		{58B9DEBF-ED74-446E-AB03-86ED6A6F460F}.Release|Any CPU.Build.0 = Release|Any CPU
		{705EFE37-DD56-4F85-ADC9-202A6E9D9868}.Debug|Any CPU.ActiveCfg = Debug|Any CPU
		{705EFE37-DD56-4F85-ADC9-202A6E9D9868}.Debug|Any CPU.Build.0 = Debug|Any CPU
		{705EFE37-DD56-4F85-ADC9-202A6E9D9868}.Release|Any CPU.ActiveCfg = Release|Any CPU
		{705EFE37-DD56-4F85-ADC9-202A6E9D9868}.Release|Any CPU.Build.0 = Release|Any CPU
		{80092968-055A-4181-82DF-645A5C26E648}.Debug|Any CPU.ActiveCfg = Debug|Any CPU
		{80092968-055A-4181-82DF-645A5C26E648}.Debug|Any CPU.Build.0 = Debug|Any CPU
		{80092968-055A-4181-82DF-645A5C26E648}.Release|Any CPU.ActiveCfg = Release|Any CPU
		{80092968-055A-4181-82DF-645A5C26E648}.Release|Any CPU.Build.0 = Release|Any CPU
	EndGlobalSection
	GlobalSection(SolutionProperties) = preSolution
		HideSolutionNode = FALSE
	EndGlobalSection
	GlobalSection(NestedProjects) = preSolution
		{64BA60FD-F636-4CC4-8CB5-0801158EF2CD} = {9618F4A4-F267-4A0C-91DF-A8837B2A4CC2}
		{D65C9241-C8C3-4D6E-ADC1-160B9A711762} = {0A47C432-8DDD-41FA-9D82-997185642DD9}
		{58B9DEBF-ED74-446E-AB03-86ED6A6F460F} = {F3C8DC04-3795-4CEC-8DD8-D1DD28228B4C}
		{705EFE37-DD56-4F85-ADC9-202A6E9D9868} = {90FE3EFB-8559-4A3A-BBEF-B21F855AEEC0}
		{80092968-055A-4181-82DF-645A5C26E648} = {8EB71EAA-9B1B-41A4-93FF-368159B5B973}
	EndGlobalSection
	GlobalSection(ExtensibilityGlobals) = postSolution
		SolutionGuid = {E2E00B4A-A945-466B-871F-BD0113CB416A}
	EndGlobalSection
EndGlobal
